
Microsoft Visual Studio Solution File, Format Version 12.00
# Visual Studio Version 16
VisualStudioVersion = 16.0.30611.23
MinimumVisualStudioVersion = 15.0.26124.0
Project("{FAE04EC0-301F-11D3-BF4B-00C04F79EFBC}") = "Itog10.Objects", "Objects/Itog10.Objects.csproj", "474bdec2-a60a-40d5-a49c-adeac81680a3"
EndProject
Project("{FAE04EC0-301F-11D3-BF4B-00C04F79EFBC}") = "Itog10.Tests", "Tests/Itog10.Tests.csproj", "46971377-deb7-4164-8fbd-3f3f9c0eac61"
EndProject
Project("{FAE04EC0-301F-11D3-BF4B-00C04F79EFBC}") = "Itog10.ODataBackend", "ODataBackend/Itog10.ODataBackend.csproj", "ee5b4f6a-b9fb-4553-89cc-81e570c0aabb"
EndProject
Project("{FAE04EC0-301F-11D3-BF4B-00C04F79EFBC}") = "Itog10.IntegrationTests", "IntegrationTests/Itog10.IntegrationTests.csproj", "77715ad5-05de-4e06-8654-15e7f09a0a14"
EndProject
Global
	GlobalSection(SolutionConfigurationPlatforms) = preSolution
Debug|Any CPU = Debug|Any CPU
Release|Any CPU = Release|Any CPU
	EndGlobalSection
	GlobalSection(ProjectConfigurationPlatforms) = postSolution
		474bdec2-a60a-40d5-a49c-adeac81680a3.Debug|Any CPU.ActiveCfg = Debug|Any CPU
		474bdec2-a60a-40d5-a49c-adeac81680a3.Debug|Any CPU.Build.0 = Debug|Any CPU
		474bdec2-a60a-40d5-a49c-adeac81680a3.Release|Any CPU.ActiveCfg = Release|Any CPU
		474bdec2-a60a-40d5-a49c-adeac81680a3.Release|Any CPU.Build.0 = Release|Any CPU
		46971377-deb7-4164-8fbd-3f3f9c0eac61.Debug|Any CPU.ActiveCfg = Debug|Any CPU
		46971377-deb7-4164-8fbd-3f3f9c0eac61.Debug|Any CPU.Build.0 = Debug|Any CPU
		46971377-deb7-4164-8fbd-3f3f9c0eac61.Release|Any CPU.ActiveCfg = Release|Any CPU
		46971377-deb7-4164-8fbd-3f3f9c0eac61.Release|Any CPU.Build.0 = Release|Any CPU
		ee5b4f6a-b9fb-4553-89cc-81e570c0aabb.Debug|Any CPU.ActiveCfg = Debug|Any CPU
		ee5b4f6a-b9fb-4553-89cc-81e570c0aabb.Debug|Any CPU.Build.0 = Debug|Any CPU
		ee5b4f6a-b9fb-4553-89cc-81e570c0aabb.Release|Any CPU.ActiveCfg = Release|Any CPU
		ee5b4f6a-b9fb-4553-89cc-81e570c0aabb.Release|Any CPU.Build.0 = Release|Any CPU
		77715ad5-05de-4e06-8654-15e7f09a0a14.Debug|Any CPU.ActiveCfg = Debug|Any CPU
		77715ad5-05de-4e06-8654-15e7f09a0a14.Debug|Any CPU.Build.0 = Debug|Any CPU
		77715ad5-05de-4e06-8654-15e7f09a0a14.Release|Any CPU.ActiveCfg = Release|Any CPU
		77715ad5-05de-4e06-8654-15e7f09a0a14.Release|Any CPU.Build.0 = Release|Any CPU
	EndGlobalSection
	GlobalSection(SolutionProperties) = preSolution
		HideSolutionNode = FALSE
	EndGlobalSection
EndGlobal
